
Microsoft Visual Studio Solution File, Format Version 12.00
# Visual Studio Version 17
VisualStudioVersion = 17.0.31903.59
MinimumVisualStudioVersion = 10.0.40219.1
Project("{9A19103F-16F7-4668-BE54-9A1E7A4F7556}") = "RaspberryPiDevices", "RaspberryPiDevices\RaspberryPiDevices.csproj", "{06E28279-E0C8-4BEC-923D-687B1A693CBD}"
EndProject
Project("{9A19103F-16F7-4668-BE54-9A1E7A4F7556}") = "RaspberryPiDevices.Tests", "RaspberryPiDevices.Tests\RaspberryPiDevices.Tests.csproj", "{E3367AA6-870C-47AD-AB99-19377EA8523B}"
EndProject
Project("{9A19103F-16F7-4668-BE54-9A1E7A4F7556}") = "RPiDevices", "RPiDevices\RPiDevices.csproj", "{18889CAC-DB0A-42D2-AB29-2A0C3EDED63C}"
EndProject
Project("{9A19103F-16F7-4668-BE54-9A1E7A4F7556}") = "RPiService", "RPiService\RPiService.csproj", "{6D23BA05-1515-4EEB-ADE7-8EC2CA076FD2}"
EndProject
Project("{9A19103F-16F7-4668-BE54-9A1E7A4F7556}") = "Webcam", "Webcam\Webcam.csproj", "{F7BF9202-A132-41D1-9A84-355265E2360D}"
EndProject
Project("{9A19103F-16F7-4668-BE54-9A1E7A4F7556}") = "RaspberryPiDevices.UnitTests", "RaspberryPiDevices.UnitTests\RaspberryPiDevices.UnitTests.csproj", "{B9B93D77-9A3A-4578-85D3-7D55E7C5DE8C}"
EndProject
Project("{9A19103F-16F7-4668-BE54-9A1E7A4F7556}") = "RemoteFolderSync", "RemoteFolderSync\RemoteFolderSync.csproj", "{099E30DF-E6D6-4EEF-8FFA-599E9D5EA42A}"
EndProject
Global
	GlobalSection(SolutionConfigurationPlatforms) = preSolution
		Debug|Any CPU = Debug|Any CPU
		Debug|ARM32 = Debug|ARM32
		Debug|ARM64 = Debug|ARM64
		Debug|x64 = Debug|x64
		Debug|x86 = Debug|x86
		Release|Any CPU = Release|Any CPU
		Release|ARM32 = Release|ARM32
		Release|ARM64 = Release|ARM64
		Release|x64 = Release|x64
		Release|x86 = Release|x86
	EndGlobalSection
	GlobalSection(ProjectConfigurationPlatforms) = postSolution
		{06E28279-E0C8-4BEC-923D-687B1A693CBD}.Debug|Any CPU.ActiveCfg = Debug|Any CPU
		{06E28279-E0C8-4BEC-923D-687B1A693CBD}.Debug|Any CPU.Build.0 = Debug|Any CPU
		{06E28279-E0C8-4BEC-923D-687B1A693CBD}.Debug|ARM32.ActiveCfg = Debug|ARM32
		{06E28279-E0C8-4BEC-923D-687B1A693CBD}.Debug|ARM32.Build.0 = Debug|ARM32
		{06E28279-E0C8-4BEC-923D-687B1A693CBD}.Debug|ARM64.ActiveCfg = Debug|ARM64
		{06E28279-E0C8-4BEC-923D-687B1A693CBD}.Debug|ARM64.Build.0 = Debug|ARM64
		{06E28279-E0C8-4BEC-923D-687B1A693CBD}.Debug|x64.ActiveCfg = Debug|x64
		{06E28279-E0C8-4BEC-923D-687B1A693CBD}.Debug|x86.ActiveCfg = Debug|Any CPU
		{06E28279-E0C8-4BEC-923D-687B1A693CBD}.Debug|x86.Build.0 = Debug|Any CPU
		{06E28279-E0C8-4BEC-923D-687B1A693CBD}.Release|Any CPU.ActiveCfg = Release|Any CPU
		{06E28279-E0C8-4BEC-923D-687B1A693CBD}.Release|Any CPU.Build.0 = Release|Any CPU
		{06E28279-E0C8-4BEC-923D-687B1A693CBD}.Release|ARM32.ActiveCfg = Release|ARM32
		{06E28279-E0C8-4BEC-923D-687B1A693CBD}.Release|ARM32.Build.0 = Release|ARM32
		{06E28279-E0C8-4BEC-923D-687B1A693CBD}.Release|ARM64.ActiveCfg = Release|ARM64
		{06E28279-E0C8-4BEC-923D-687B1A693CBD}.Release|ARM64.Build.0 = Release|ARM64
		{06E28279-E0C8-4BEC-923D-687B1A693CBD}.Release|x64.ActiveCfg = Release|x64
		{06E28279-E0C8-4BEC-923D-687B1A693CBD}.Release|x86.ActiveCfg = Release|Any CPU
		{06E28279-E0C8-4BEC-923D-687B1A693CBD}.Release|x86.Build.0 = Release|Any CPU
		{E3367AA6-870C-47AD-AB99-19377EA8523B}.Debug|Any CPU.ActiveCfg = Debug|Any CPU
		{E3367AA6-870C-47AD-AB99-19377EA8523B}.Debug|Any CPU.Build.0 = Debug|Any CPU
		{E3367AA6-870C-47AD-AB99-19377EA8523B}.Debug|ARM32.ActiveCfg = Debug|ARM32
		{E3367AA6-870C-47AD-AB99-19377EA8523B}.Debug|ARM32.Build.0 = Debug|ARM32
		{E3367AA6-870C-47AD-AB99-19377EA8523B}.Debug|ARM64.ActiveCfg = Debug|ARM64
		{E3367AA6-870C-47AD-AB99-19377EA8523B}.Debug|ARM64.Build.0 = Debug|ARM64
		{E3367AA6-870C-47AD-AB99-19377EA8523B}.Debug|x64.ActiveCfg = Debug|x64
		{E3367AA6-870C-47AD-AB99-19377EA8523B}.Debug|x86.ActiveCfg = Debug|Any CPU
		{E3367AA6-870C-47AD-AB99-19377EA8523B}.Debug|x86.Build.0 = Debug|Any CPU
		{E3367AA6-870C-47AD-AB99-19377EA8523B}.Release|Any CPU.ActiveCfg = Release|Any CPU
		{E3367AA6-870C-47AD-AB99-19377EA8523B}.Release|Any CPU.Build.0 = Release|Any CPU
		{E3367AA6-870C-47AD-AB99-19377EA8523B}.Release|ARM32.ActiveCfg = Release|ARM32
		{E3367AA6-870C-47AD-AB99-19377EA8523B}.Release|ARM32.Build.0 = Release|ARM32
		{E3367AA6-870C-47AD-AB99-19377EA8523B}.Release|ARM64.ActiveCfg = Release|ARM64
		{E3367AA6-870C-47AD-AB99-19377EA8523B}.Release|ARM64.Build.0 = Release|ARM64
		{E3367AA6-870C-47AD-AB99-19377EA8523B}.Release|x64.ActiveCfg = Release|x64
		{E3367AA6-870C-47AD-AB99-19377EA8523B}.Release|x86.ActiveCfg = Release|Any CPU
		{E3367AA6-870C-47AD-AB99-19377EA8523B}.Release|x86.Build.0 = Release|Any CPU
		{18889CAC-DB0A-42D2-AB29-2A0C3EDED63C}.Debug|Any CPU.ActiveCfg = Debug|Any CPU
		{18889CAC-DB0A-42D2-AB29-2A0C3EDED63C}.Debug|Any CPU.Build.0 = Debug|Any CPU
		{18889CAC-DB0A-42D2-AB29-2A0C3EDED63C}.Debug|ARM32.ActiveCfg = Debug|ARM32
		{18889CAC-DB0A-42D2-AB29-2A0C3EDED63C}.Debug|ARM32.Build.0 = Debug|ARM32
		{18889CAC-DB0A-42D2-AB29-2A0C3EDED63C}.Debug|ARM64.ActiveCfg = Debug|ARM64
		{18889CAC-DB0A-42D2-AB29-2A0C3EDED63C}.Debug|ARM64.Build.0 = Debug|ARM64
		{18889CAC-DB0A-42D2-AB29-2A0C3EDED63C}.Debug|x64.ActiveCfg = Debug|Any CPU
		{18889CAC-DB0A-42D2-AB29-2A0C3EDED63C}.Debug|x64.Build.0 = Debug|Any CPU
		{18889CAC-DB0A-42D2-AB29-2A0C3EDED63C}.Debug|x86.ActiveCfg = Debug|Any CPU
		{18889CAC-DB0A-42D2-AB29-2A0C3EDED63C}.Debug|x86.Build.0 = Debug|Any CPU
		{18889CAC-DB0A-42D2-AB29-2A0C3EDED63C}.Release|Any CPU.ActiveCfg = Release|Any CPU
		{18889CAC-DB0A-42D2-AB29-2A0C3EDED63C}.Release|Any CPU.Build.0 = Release|Any CPU
		{18889CAC-DB0A-42D2-AB29-2A0C3EDED63C}.Release|ARM32.ActiveCfg = Release|ARM32
		{18889CAC-DB0A-42D2-AB29-2A0C3EDED63C}.Release|ARM32.Build.0 = Release|ARM32
		{18889CAC-DB0A-42D2-AB29-2A0C3EDED63C}.Release|ARM64.ActiveCfg = Release|ARM64
		{18889CAC-DB0A-42D2-AB29-2A0C3EDED63C}.Release|ARM64.Build.0 = Release|ARM64
		{18889CAC-DB0A-42D2-AB29-2A0C3EDED63C}.Release|x64.ActiveCfg = Release|Any CPU
		{18889CAC-DB0A-42D2-AB29-2A0C3EDED63C}.Release|x64.Build.0 = Release|Any CPU
		{18889CAC-DB0A-42D2-AB29-2A0C3EDED63C}.Release|x86.ActiveCfg = Release|Any CPU
		{18889CAC-DB0A-42D2-AB29-2A0C3EDED63C}.Release|x86.Build.0 = Release|Any CPU
		{6D23BA05-1515-4EEB-ADE7-8EC2CA076FD2}.Debug|Any CPU.ActiveCfg = Debug|Any CPU
		{6D23BA05-1515-4EEB-ADE7-8EC2CA076FD2}.Debug|Any CPU.Build.0 = Debug|Any CPU
		{6D23BA05-1515-4EEB-ADE7-8EC2CA076FD2}.Debug|ARM32.ActiveCfg = Debug|Any CPU
		{6D23BA05-1515-4EEB-ADE7-8EC2CA076FD2}.Debug|ARM32.Build.0 = Debug|Any CPU
		{6D23BA05-1515-4EEB-ADE7-8EC2CA076FD2}.Debug|ARM64.ActiveCfg = Debug|Any CPU
		{6D23BA05-1515-4EEB-ADE7-8EC2CA076FD2}.Debug|ARM64.Build.0 = Debug|Any CPU
		{6D23BA05-1515-4EEB-ADE7-8EC2CA076FD2}.Debug|x64.ActiveCfg = Debug|Any CPU
		{6D23BA05-1515-4EEB-ADE7-8EC2CA076FD2}.Debug|x64.Build.0 = Debug|Any CPU
		{6D23BA05-1515-4EEB-ADE7-8EC2CA076FD2}.Debug|x86.ActiveCfg = Debug|Any CPU
		{6D23BA05-1515-4EEB-ADE7-8EC2CA076FD2}.Debug|x86.Build.0 = Debug|Any CPU
		{6D23BA05-1515-4EEB-ADE7-8EC2CA076FD2}.Release|Any CPU.ActiveCfg = Release|Any CPU
		{6D23BA05-1515-4EEB-ADE7-8EC2CA076FD2}.Release|Any CPU.Build.0 = Release|Any CPU
		{6D23BA05-1515-4EEB-ADE7-8EC2CA076FD2}.Release|ARM32.ActiveCfg = Release|Any CPU
		{6D23BA05-1515-4EEB-ADE7-8EC2CA076FD2}.Release|ARM32.Build.0 = Release|Any CPU
		{6D23BA05-1515-4EEB-ADE7-8EC2CA076FD2}.Release|ARM64.ActiveCfg = Release|Any CPU
		{6D23BA05-1515-4EEB-ADE7-8EC2CA076FD2}.Release|ARM64.Build.0 = Release|Any CPU
		{6D23BA05-1515-4EEB-ADE7-8EC2CA076FD2}.Release|x64.ActiveCfg = Release|Any CPU
		{6D23BA05-1515-4EEB-ADE7-8EC2CA076FD2}.Release|x64.Build.0 = Release|Any CPU
		{6D23BA05-1515-4EEB-ADE7-8EC2CA076FD2}.Release|x86.ActiveCfg = Release|Any CPU
		{6D23BA05-1515-4EEB-ADE7-8EC2CA076FD2}.Release|x86.Build.0 = Release|Any CPU
		{F7BF9202-A132-41D1-9A84-355265E2360D}.Debug|Any CPU.ActiveCfg = Debug|Any CPU
		{F7BF9202-A132-41D1-9A84-355265E2360D}.Debug|Any CPU.Build.0 = Debug|Any CPU
		{F7BF9202-A132-41D1-9A84-355265E2360D}.Debug|ARM32.ActiveCfg = Debug|Any CPU
		{F7BF9202-A132-41D1-9A84-355265E2360D}.Debug|ARM32.Build.0 = Debug|Any CPU
		{F7BF9202-A132-41D1-9A84-355265E2360D}.Debug|ARM64.ActiveCfg = Debug|ARM64
		{F7BF9202-A132-41D1-9A84-355265E2360D}.Debug|ARM64.Build.0 = Debug|ARM64
		{F7BF9202-A132-41D1-9A84-355265E2360D}.Debug|x64.ActiveCfg = Debug|x64
		{F7BF9202-A132-41D1-9A84-355265E2360D}.Debug|x64.Build.0 = Debug|x64
		{F7BF9202-A132-41D1-9A84-355265E2360D}.Debug|x86.ActiveCfg = Debug|Any CPU
		{F7BF9202-A132-41D1-9A84-355265E2360D}.Debug|x86.Build.0 = Debug|Any CPU
		{F7BF9202-A132-41D1-9A84-355265E2360D}.Release|Any CPU.ActiveCfg = Release|Any CPU
		{F7BF9202-A132-41D1-9A84-355265E2360D}.Release|Any CPU.Build.0 = Release|Any CPU
		{F7BF9202-A132-41D1-9A84-355265E2360D}.Release|ARM32.ActiveCfg = Release|Any CPU
		{F7BF9202-A132-41D1-9A84-355265E2360D}.Release|ARM32.Build.0 = Release|Any CPU
		{F7BF9202-A132-41D1-9A84-355265E2360D}.Release|ARM64.ActiveCfg = Release|ARM64
		{F7BF9202-A132-41D1-9A84-355265E2360D}.Release|ARM64.Build.0 = Release|ARM64
		{F7BF9202-A132-41D1-9A84-355265E2360D}.Release|x64.ActiveCfg = Release|x64
		{F7BF9202-A132-41D1-9A84-355265E2360D}.Release|x64.Build.0 = Release|x64
		{F7BF9202-A132-41D1-9A84-355265E2360D}.Release|x86.ActiveCfg = Release|Any CPU
		{F7BF9202-A132-41D1-9A84-355265E2360D}.Release|x86.Build.0 = Release|Any CPU
		{B9B93D77-9A3A-4578-85D3-7D55E7C5DE8C}.Debug|Any CPU.ActiveCfg = Debug|ARM64
		{B9B93D77-9A3A-4578-85D3-7D55E7C5DE8C}.Debug|Any CPU.Build.0 = Debug|ARM64
		{B9B93D77-9A3A-4578-85D3-7D55E7C5DE8C}.Debug|ARM32.ActiveCfg = Debug|ARM64
		{B9B93D77-9A3A-4578-85D3-7D55E7C5DE8C}.Debug|ARM32.Build.0 = Debug|ARM64
		{B9B93D77-9A3A-4578-85D3-7D55E7C5DE8C}.Debug|ARM64.ActiveCfg = Debug|ARM64
		{B9B93D77-9A3A-4578-85D3-7D55E7C5DE8C}.Debug|ARM64.Build.0 = Debug|ARM64
		{B9B93D77-9A3A-4578-85D3-7D55E7C5DE8C}.Debug|x64.ActiveCfg = Debug|ARM64
		{B9B93D77-9A3A-4578-85D3-7D55E7C5DE8C}.Debug|x64.Build.0 = Debug|ARM64
		{B9B93D77-9A3A-4578-85D3-7D55E7C5DE8C}.Debug|x86.ActiveCfg = Debug|ARM64
		{B9B93D77-9A3A-4578-85D3-7D55E7C5DE8C}.Debug|x86.Build.0 = Debug|ARM64
		{B9B93D77-9A3A-4578-85D3-7D55E7C5DE8C}.Release|Any CPU.ActiveCfg = Release|ARM64
		{B9B93D77-9A3A-4578-85D3-7D55E7C5DE8C}.Release|Any CPU.Build.0 = Release|ARM64
		{B9B93D77-9A3A-4578-85D3-7D55E7C5DE8C}.Release|ARM32.ActiveCfg = Release|ARM64
		{B9B93D77-9A3A-4578-85D3-7D55E7C5DE8C}.Release|ARM32.Build.0 = Release|ARM64
		{B9B93D77-9A3A-4578-85D3-7D55E7C5DE8C}.Release|ARM64.ActiveCfg = Release|ARM64
		{B9B93D77-9A3A-4578-85D3-7D55E7C5DE8C}.Release|ARM64.Build.0 = Release|ARM64
		{B9B93D77-9A3A-4578-85D3-7D55E7C5DE8C}.Release|x64.ActiveCfg = Release|ARM64
		{B9B93D77-9A3A-4578-85D3-7D55E7C5DE8C}.Release|x64.Build.0 = Release|ARM64
		{B9B93D77-9A3A-4578-85D3-7D55E7C5DE8C}.Release|x86.ActiveCfg = Release|ARM64
		{B9B93D77-9A3A-4578-85D3-7D55E7C5DE8C}.Release|x86.Build.0 = Release|ARM64
		{099E30DF-E6D6-4EEF-8FFA-599E9D5EA42A}.Debug|Any CPU.ActiveCfg = Debug|Any CPU
		{099E30DF-E6D6-4EEF-8FFA-599E9D5EA42A}.Debug|Any CPU.Build.0 = Debug|Any CPU
		{099E30DF-E6D6-4EEF-8FFA-599E9D5EA42A}.Debug|ARM32.ActiveCfg = Debug|Any CPU
		{099E30DF-E6D6-4EEF-8FFA-599E9D5EA42A}.Debug|ARM32.Build.0 = Debug|Any CPU
		{099E30DF-E6D6-4EEF-8FFA-599E9D5EA42A}.Debug|ARM64.ActiveCfg = Debug|Any CPU
		{099E30DF-E6D6-4EEF-8FFA-599E9D5EA42A}.Debug|ARM64.Build.0 = Debug|Any CPU
		{099E30DF-E6D6-4EEF-8FFA-599E9D5EA42A}.Debug|x64.ActiveCfg = Debug|Any CPU
		{099E30DF-E6D6-4EEF-8FFA-599E9D5EA42A}.Debug|x64.Build.0 = Debug|Any CPU
		{099E30DF-E6D6-4EEF-8FFA-599E9D5EA42A}.Debug|x86.ActiveCfg = Debug|Any CPU
		{099E30DF-E6D6-4EEF-8FFA-599E9D5EA42A}.Debug|x86.Build.0 = Debug|Any CPU
		{099E30DF-E6D6-4EEF-8FFA-599E9D5EA42A}.Release|Any CPU.ActiveCfg = Release|Any CPU
		{099E30DF-E6D6-4EEF-8FFA-599E9D5EA42A}.Release|Any CPU.Build.0 = Release|Any CPU
		{099E30DF-E6D6-4EEF-8FFA-599E9D5EA42A}.Release|ARM32.ActiveCfg = Release|Any CPU
		{099E30DF-E6D6-4EEF-8FFA-599E9D5EA42A}.Release|ARM32.Build.0 = Release|Any CPU
		{099E30DF-E6D6-4EEF-8FFA-599E9D5EA42A}.Release|ARM64.ActiveCfg = Release|Any CPU
		{099E30DF-E6D6-4EEF-8FFA-599E9D5EA42A}.Release|ARM64.Build.0 = Release|Any CPU
		{099E30DF-E6D6-4EEF-8FFA-599E9D5EA42A}.Release|x64.ActiveCfg = Release|Any CPU
		{099E30DF-E6D6-4EEF-8FFA-599E9D5EA42A}.Release|x64.Build.0 = Release|Any CPU
		{099E30DF-E6D6-4EEF-8FFA-599E9D5EA42A}.Release|x86.ActiveCfg = Release|Any CPU
		{099E30DF-E6D6-4EEF-8FFA-599E9D5EA42A}.Release|x86.Build.0 = Release|Any CPU
	EndGlobalSection
	GlobalSection(SolutionProperties) = preSolution
		HideSolutionNode = FALSE
	EndGlobalSection
	GlobalSection(ExtensibilityGlobals) = postSolution
		SolutionGuid = {E118351F-25F3-4D92-9EC8-6E58E1BFC5A7}
	EndGlobalSection
EndGlobal
