
Microsoft Visual Studio Solution File, Format Version 12.00
# Visual Studio Version 17
VisualStudioVersion = 17.8.34330.188
MinimumVisualStudioVersion = 10.0.40219.1
Project("{9A19103F-16F7-4668-BE54-9A1E7A4F7556}") = "Webcam", "Webcam\Webcam.csproj", "{969B6FE7-B0B0-483A-84E7-3D414AB0689F}"
EndProject
Project("{9A19103F-16F7-4668-BE54-9A1E7A4F7556}") = "RaspberryPiDevices", "RaspberryPiDevices\RaspberryPiDevices.csproj", "{7F8FA902-282D-44F6-8FB5-639C64EAF154}"
EndProject
Project("{9A19103F-16F7-4668-BE54-9A1E7A4F7556}") = "RaspberryPiDevices.UnitTests", "RaspberryPiDevices.UnitTests\RaspberryPiDevices.UnitTests.csproj", "{DFBA3645-FC93-4D93-ABA4-6D4ABC78A24B}"
EndProject
Project("{9A19103F-16F7-4668-BE54-9A1E7A4F7556}") = "RaspberryPiDevices.Tests", "RaspberryPiDevices.Tests\RaspberryPiDevices.Tests.csproj", "{081B1DA3-0ECA-4C58-8966-15D7752B5A41}"
EndProject
Project("{2150E333-8FDC-42A3-9474-1A3956D46DE8}") = "Misc", "Misc", "{08C5FDCB-2C77-4DD7-800F-98AB2451B70E}"
	ProjectSection(SolutionItems) = preProject
		.editorconfig = .editorconfig
		build.sh = build.sh
		publish.sh = publish.sh
	EndProjectSection
EndProject
Project("{8BC9CEB8-8B4A-11D0-8D11-00A0C91BC942}") = "ADS1263", "ADS1263\ADS1263.vcxproj", "{3A3459FD-9BE6-4598-931F-668C30951F0A}"
EndProject
Project("{9A19103F-16F7-4668-BE54-9A1E7A4F7556}") = "RemoteFolderSync", "RemoteFolderSync\RemoteFolderSync.csproj", "{90E32DEC-4E8B-401B-A200-56BF03F071A8}"
EndProject
Project("{9A19103F-16F7-4668-BE54-9A1E7A4F7556}") = "Execution", "Execution\Execution.csproj", "{49CEAF40-0982-48F2-9AAD-C67D948F9DA0}"
EndProject
Project("{9A19103F-16F7-4668-BE54-9A1E7A4F7556}") = "RPiDevices", "RPiDevices\RPiDevices.csproj", "{86CD0E3B-1D8C-44F8-9D84-1C3F93F25B2E}"
EndProject
Global
	GlobalSection(SolutionConfigurationPlatforms) = preSolution
		Debug|Any CPU = Debug|Any CPU
		Debug|ARM = Debug|ARM
		Debug|ARM64 = Debug|ARM64
		Release|Any CPU = Release|Any CPU
		Release|ARM = Release|ARM
		Release|ARM64 = Release|ARM64
	EndGlobalSection
	GlobalSection(ProjectConfigurationPlatforms) = postSolution
		{969B6FE7-B0B0-483A-84E7-3D414AB0689F}.Debug|Any CPU.ActiveCfg = Debug|Any CPU
		{969B6FE7-B0B0-483A-84E7-3D414AB0689F}.Debug|ARM.ActiveCfg = Debug|Any CPU
		{969B6FE7-B0B0-483A-84E7-3D414AB0689F}.Debug|ARM64.ActiveCfg = Debug|Any CPU
		{969B6FE7-B0B0-483A-84E7-3D414AB0689F}.Release|Any CPU.ActiveCfg = Release|Any CPU
		{969B6FE7-B0B0-483A-84E7-3D414AB0689F}.Release|ARM.ActiveCfg = Release|Any CPU
		{969B6FE7-B0B0-483A-84E7-3D414AB0689F}.Release|ARM64.ActiveCfg = Release|Any CPU
		{7F8FA902-282D-44F6-8FB5-639C64EAF154}.Debug|Any CPU.ActiveCfg = Debug|Any CPU
		{7F8FA902-282D-44F6-8FB5-639C64EAF154}.Debug|Any CPU.Build.0 = Debug|Any CPU
		{7F8FA902-282D-44F6-8FB5-639C64EAF154}.Debug|ARM.ActiveCfg = Debug|ARM32
		{7F8FA902-282D-44F6-8FB5-639C64EAF154}.Debug|ARM.Build.0 = Debug|ARM32
		{7F8FA902-282D-44F6-8FB5-639C64EAF154}.Debug|ARM64.ActiveCfg = Debug|ARM64
		{7F8FA902-282D-44F6-8FB5-639C64EAF154}.Debug|ARM64.Build.0 = Debug|ARM64
		{7F8FA902-282D-44F6-8FB5-639C64EAF154}.Release|Any CPU.ActiveCfg = Release|ARM64
		{7F8FA902-282D-44F6-8FB5-639C64EAF154}.Release|Any CPU.Build.0 = Release|ARM64
		{7F8FA902-282D-44F6-8FB5-639C64EAF154}.Release|ARM.ActiveCfg = Release|ARM64
		{7F8FA902-282D-44F6-8FB5-639C64EAF154}.Release|ARM.Build.0 = Release|ARM64
		{7F8FA902-282D-44F6-8FB5-639C64EAF154}.Release|ARM64.ActiveCfg = Release|ARM64
		{7F8FA902-282D-44F6-8FB5-639C64EAF154}.Release|ARM64.Build.0 = Release|ARM64
		{DFBA3645-FC93-4D93-ABA4-6D4ABC78A24B}.Debug|Any CPU.ActiveCfg = Debug|ARM64
		{DFBA3645-FC93-4D93-ABA4-6D4ABC78A24B}.Debug|ARM.ActiveCfg = Debug|ARM64
		{DFBA3645-FC93-4D93-ABA4-6D4ABC78A24B}.Debug|ARM64.ActiveCfg = Debug|ARM64
		{DFBA3645-FC93-4D93-ABA4-6D4ABC78A24B}.Release|Any CPU.ActiveCfg = Release|ARM64
		{DFBA3645-FC93-4D93-ABA4-6D4ABC78A24B}.Release|ARM.ActiveCfg = Release|ARM64
		{DFBA3645-FC93-4D93-ABA4-6D4ABC78A24B}.Release|ARM64.ActiveCfg = Release|ARM64
		{081B1DA3-0ECA-4C58-8966-15D7752B5A41}.Debug|Any CPU.ActiveCfg = Debug|Any CPU
		{081B1DA3-0ECA-4C58-8966-15D7752B5A41}.Debug|Any CPU.Build.0 = Debug|Any CPU
		{081B1DA3-0ECA-4C58-8966-15D7752B5A41}.Debug|ARM.ActiveCfg = Debug|ARM32
		{081B1DA3-0ECA-4C58-8966-15D7752B5A41}.Debug|ARM.Build.0 = Debug|ARM32
		{081B1DA3-0ECA-4C58-8966-15D7752B5A41}.Debug|ARM64.ActiveCfg = Debug|ARM64
		{081B1DA3-0ECA-4C58-8966-15D7752B5A41}.Debug|ARM64.Build.0 = Debug|ARM64
		{081B1DA3-0ECA-4C58-8966-15D7752B5A41}.Release|Any CPU.ActiveCfg = Release|ARM64
		{081B1DA3-0ECA-4C58-8966-15D7752B5A41}.Release|Any CPU.Build.0 = Release|ARM64
		{081B1DA3-0ECA-4C58-8966-15D7752B5A41}.Release|ARM.ActiveCfg = Release|ARM64
		{081B1DA3-0ECA-4C58-8966-15D7752B5A41}.Release|ARM.Build.0 = Release|ARM64
		{081B1DA3-0ECA-4C58-8966-15D7752B5A41}.Release|ARM64.ActiveCfg = Release|ARM64
		{081B1DA3-0ECA-4C58-8966-15D7752B5A41}.Release|ARM64.Build.0 = Release|ARM64
		{3A3459FD-9BE6-4598-931F-668C30951F0A}.Debug|Any CPU.ActiveCfg = Debug|ARM
		{3A3459FD-9BE6-4598-931F-668C30951F0A}.Debug|ARM.ActiveCfg = Debug|ARM
		{3A3459FD-9BE6-4598-931F-668C30951F0A}.Debug|ARM.Build.0 = Debug|ARM
		{3A3459FD-9BE6-4598-931F-668C30951F0A}.Debug|ARM.Deploy.0 = Debug|ARM
		{3A3459FD-9BE6-4598-931F-668C30951F0A}.Debug|ARM64.ActiveCfg = Debug|ARM64
		{3A3459FD-9BE6-4598-931F-668C30951F0A}.Debug|ARM64.Build.0 = Debug|ARM64
		{3A3459FD-9BE6-4598-931F-668C30951F0A}.Debug|ARM64.Deploy.0 = Debug|ARM64
		{3A3459FD-9BE6-4598-931F-668C30951F0A}.Release|Any CPU.ActiveCfg = Release|ARM
		{3A3459FD-9BE6-4598-931F-668C30951F0A}.Release|ARM.ActiveCfg = Release|ARM
		{3A3459FD-9BE6-4598-931F-668C30951F0A}.Release|ARM.Build.0 = Release|ARM
		{3A3459FD-9BE6-4598-931F-668C30951F0A}.Release|ARM.Deploy.0 = Release|ARM
		{3A3459FD-9BE6-4598-931F-668C30951F0A}.Release|ARM64.ActiveCfg = Release|ARM64
		{3A3459FD-9BE6-4598-931F-668C30951F0A}.Release|ARM64.Build.0 = Release|ARM64
		{3A3459FD-9BE6-4598-931F-668C30951F0A}.Release|ARM64.Deploy.0 = Release|ARM64
		{90E32DEC-4E8B-401B-A200-56BF03F071A8}.Debug|Any CPU.ActiveCfg = Debug|Any CPU
		{90E32DEC-4E8B-401B-A200-56BF03F071A8}.Debug|Any CPU.Build.0 = Debug|Any CPU
		{90E32DEC-4E8B-401B-A200-56BF03F071A8}.Debug|ARM.ActiveCfg = Debug|Any CPU
		{90E32DEC-4E8B-401B-A200-56BF03F071A8}.Debug|ARM.Build.0 = Debug|Any CPU
		{90E32DEC-4E8B-401B-A200-56BF03F071A8}.Debug|ARM64.ActiveCfg = Debug|Any CPU
		{90E32DEC-4E8B-401B-A200-56BF03F071A8}.Debug|ARM64.Build.0 = Debug|Any CPU
		{90E32DEC-4E8B-401B-A200-56BF03F071A8}.Release|Any CPU.ActiveCfg = Release|Any CPU
		{90E32DEC-4E8B-401B-A200-56BF03F071A8}.Release|Any CPU.Build.0 = Release|Any CPU
		{90E32DEC-4E8B-401B-A200-56BF03F071A8}.Release|ARM.ActiveCfg = Release|Any CPU
		{90E32DEC-4E8B-401B-A200-56BF03F071A8}.Release|ARM.Build.0 = Release|Any CPU
		{90E32DEC-4E8B-401B-A200-56BF03F071A8}.Release|ARM64.ActiveCfg = Release|Any CPU
		{90E32DEC-4E8B-401B-A200-56BF03F071A8}.Release|ARM64.Build.0 = Release|Any CPU
		{49CEAF40-0982-48F2-9AAD-C67D948F9DA0}.Debug|Any CPU.ActiveCfg = Debug|Any CPU
		{49CEAF40-0982-48F2-9AAD-C67D948F9DA0}.Debug|Any CPU.Build.0 = Debug|Any CPU
		{49CEAF40-0982-48F2-9AAD-C67D948F9DA0}.Debug|ARM.ActiveCfg = Debug|ARM32
		{49CEAF40-0982-48F2-9AAD-C67D948F9DA0}.Debug|ARM.Build.0 = Debug|ARM32
		{49CEAF40-0982-48F2-9AAD-C67D948F9DA0}.Debug|ARM64.ActiveCfg = Debug|ARM64
		{49CEAF40-0982-48F2-9AAD-C67D948F9DA0}.Debug|ARM64.Build.0 = Debug|ARM64
		{49CEAF40-0982-48F2-9AAD-C67D948F9DA0}.Release|Any CPU.ActiveCfg = Release|Any CPU
		{49CEAF40-0982-48F2-9AAD-C67D948F9DA0}.Release|Any CPU.Build.0 = Release|Any CPU
		{49CEAF40-0982-48F2-9AAD-C67D948F9DA0}.Release|ARM.ActiveCfg = Release|Any CPU
		{49CEAF40-0982-48F2-9AAD-C67D948F9DA0}.Release|ARM.Build.0 = Release|Any CPU
		{49CEAF40-0982-48F2-9AAD-C67D948F9DA0}.Release|ARM64.ActiveCfg = Release|Any CPU
		{49CEAF40-0982-48F2-9AAD-C67D948F9DA0}.Release|ARM64.Build.0 = Release|Any CPU
		{86CD0E3B-1D8C-44F8-9D84-1C3F93F25B2E}.Debug|Any CPU.ActiveCfg = Debug|Any CPU
		{86CD0E3B-1D8C-44F8-9D84-1C3F93F25B2E}.Debug|ARM.ActiveCfg = Debug|ARM32
		{86CD0E3B-1D8C-44F8-9D84-1C3F93F25B2E}.Debug|ARM.Build.0 = Debug|ARM32
		{86CD0E3B-1D8C-44F8-9D84-1C3F93F25B2E}.Debug|ARM64.ActiveCfg = Debug|ARM64
		{86CD0E3B-1D8C-44F8-9D84-1C3F93F25B2E}.Release|Any CPU.ActiveCfg = Release|Any CPU
		{86CD0E3B-1D8C-44F8-9D84-1C3F93F25B2E}.Release|Any CPU.Build.0 = Release|Any CPU
		{86CD0E3B-1D8C-44F8-9D84-1C3F93F25B2E}.Release|ARM.ActiveCfg = Release|Any CPU
		{86CD0E3B-1D8C-44F8-9D84-1C3F93F25B2E}.Release|ARM.Build.0 = Release|Any CPU
		{86CD0E3B-1D8C-44F8-9D84-1C3F93F25B2E}.Release|ARM64.ActiveCfg = Release|Any CPU
		{86CD0E3B-1D8C-44F8-9D84-1C3F93F25B2E}.Release|ARM64.Build.0 = Release|Any CPU
	EndGlobalSection
	GlobalSection(SolutionProperties) = preSolution
		HideSolutionNode = FALSE
	EndGlobalSection
	GlobalSection(ExtensibilityGlobals) = postSolution
		SolutionGuid = {CC980C83-7309-43D1-A6FF-727F6DEB8AF8}
	EndGlobalSection
EndGlobal
